// !$*UTF8*$!
{
	archiveVersion = 1;
	classes = {
	};
	objectVersion = 56;
	objects = {

/* Begin PBXBuildFile section */
		394783302CC502B000AB1D15 /* AppDelegate.swift in Sources */ = {isa = PBXBuildFile; fileRef = 3947832F2CC502B000AB1D15 /* AppDelegate.swift */; };
		394783322CC502B000AB1D15 /* SceneDelegate.swift in Sources */ = {isa = PBXBuildFile; fileRef = 394783312CC502B000AB1D15 /* SceneDelegate.swift */; };
		3947833A2CC502B000AB1D15 /* NSFetchedResultConAigerim.xcdatamodeld in Sources */ = {isa = PBXBuildFile; fileRef = 394783382CC502B000AB1D15 /* NSFetchedResultConAigerim.xcdatamodeld */; };
		3947833C2CC502B200AB1D15 /* Assets.xcassets in Resources */ = {isa = PBXBuildFile; fileRef = 3947833B2CC502B200AB1D15 /* Assets.xcassets */; };
		3947833F2CC502B200AB1D15 /* LaunchScreen.storyboard in Resources */ = {isa = PBXBuildFile; fileRef = 3947833D2CC502B200AB1D15 /* LaunchScreen.storyboard */; };
		394783472CC502E200AB1D15 /* DownloadManager.swift in Sources */ = {isa = PBXBuildFile; fileRef = 394783462CC502E200AB1D15 /* DownloadManager.swift */; };
		394783492CC503E300AB1D15 /* CoreDataManager.swift in Sources */ = {isa = PBXBuildFile; fileRef = 394783482CC503E300AB1D15 /* CoreDataManager.swift */; };
		3947834B2CC5135000AB1D15 /* JokesTableViewController.swift in Sources */ = {isa = PBXBuildFile; fileRef = 3947834A2CC5135000AB1D15 /* JokesTableViewController.swift */; };
/* End PBXBuildFile section */

/* Begin PBXFileReference section */
		3947832C2CC502B000AB1D15 /* NSFetchedResultConAigerim.app */ = {isa = PBXFileReference; explicitFileType = wrapper.application; includeInIndex = 0; path = NSFetchedResultConAigerim.app; sourceTree = BUILT_PRODUCTS_DIR; };
		3947832F2CC502B000AB1D15 /* AppDelegate.swift */ = {isa = PBXFileReference; lastKnownFileType = sourcecode.swift; path = AppDelegate.swift; sourceTree = "<group>"; };
		394783312CC502B000AB1D15 /* SceneDelegate.swift */ = {isa = PBXFileReference; lastKnownFileType = sourcecode.swift; path = SceneDelegate.swift; sourceTree = "<group>"; };
		394783392CC502B000AB1D15 /* NSFetchedResultConAigerim.xcdatamodel */ = {isa = PBXFileReference; lastKnownFileType = wrapper.xcdatamodel; path = NSFetchedResultConAigerim.xcdatamodel; sourceTree = "<group>"; };
		3947833B2CC502B200AB1D15 /* Assets.xcassets */ = {isa = PBXFileReference; lastKnownFileType = folder.assetcatalog; path = Assets.xcassets; sourceTree = "<group>"; };
		3947833E2CC502B200AB1D15 /* Base */ = {isa = PBXFileReference; lastKnownFileType = file.storyboard; name = Base; path = Base.lproj/LaunchScreen.storyboard; sourceTree = "<group>"; };
		394783402CC502B200AB1D15 /* Info.plist */ = {isa = PBXFileReference; lastKnownFileType = text.plist.xml; path = Info.plist; sourceTree = "<group>"; };
		394783462CC502E200AB1D15 /* DownloadManager.swift */ = {isa = PBXFileReference; lastKnownFileType = sourcecode.swift; path = DownloadManager.swift; sourceTree = "<group>"; };
		394783482CC503E300AB1D15 /* CoreDataManager.swift */ = {isa = PBXFileReference; lastKnownFileType = sourcecode.swift; path = CoreDataManager.swift; sourceTree = "<group>"; };
		3947834A2CC5135000AB1D15 /* JokesTableViewController.swift */ = {isa = PBXFileReference; lastKnownFileType = sourcecode.swift; path = JokesTableViewController.swift; sourceTree = "<group>"; };
/* End PBXFileReference section */

/* Begin PBXFrameworksBuildPhase section */
		394783292CC502B000AB1D15 /* Frameworks */ = {
			isa = PBXFrameworksBuildPhase;
			buildActionMask = 2147483647;
			files = (
			);
			runOnlyForDeploymentPostprocessing = 0;
		};
/* End PBXFrameworksBuildPhase section */

/* Begin PBXGroup section */
		394783232CC502B000AB1D15 = {
			isa = PBXGroup;
			children = (
				3947832E2CC502B000AB1D15 /* NSFetchedResultConAigerim */,
				3947832D2CC502B000AB1D15 /* Products */,
			);
			sourceTree = "<group>";
		};
		3947832D2CC502B000AB1D15 /* Products */ = {
			isa = PBXGroup;
			children = (
				3947832C2CC502B000AB1D15 /* NSFetchedResultConAigerim.app */,
			);
			name = Products;
			sourceTree = "<group>";
		};
		3947832E2CC502B000AB1D15 /* NSFetchedResultConAigerim */ = {
			isa = PBXGroup;
			children = (
				3947832F2CC502B000AB1D15 /* AppDelegate.swift */,
				394783312CC502B000AB1D15 /* SceneDelegate.swift */,
				3947833B2CC502B200AB1D15 /* Assets.xcassets */,
				3947833D2CC502B200AB1D15 /* LaunchScreen.storyboard */,
				394783402CC502B200AB1D15 /* Info.plist */,
				394783382CC502B000AB1D15 /* NSFetchedResultConAigerim.xcdatamodeld */,
				394783462CC502E200AB1D15 /* DownloadManager.swift */,
				394783482CC503E300AB1D15 /* CoreDataManager.swift */,
				3947834A2CC5135000AB1D15 /* JokesTableViewController.swift */,
			);
			path = NSFetchedResultConAigerim;
			sourceTree = "<group>";
		};
/* End PBXGroup section */

/* Begin PBXNativeTarget section */
		3947832B2CC502B000AB1D15 /* NSFetchedResultConAigerim */ = {
			isa = PBXNativeTarget;
			buildConfigurationList = 394783432CC502B200AB1D15 /* Build configuration list for PBXNativeTarget "NSFetchedResultConAigerim" */;
			buildPhases = (
				394783282CC502B000AB1D15 /* Sources */,
				394783292CC502B000AB1D15 /* Frameworks */,
				3947832A2CC502B000AB1D15 /* Resources */,
			);
			buildRules = (
			);
			dependencies = (
			);
			name = NSFetchedResultConAigerim;
			productName = NSFetchedResultConAigerim;
			productReference = 3947832C2CC502B000AB1D15 /* NSFetchedResultConAigerim.app */;
			productType = "com.apple.product-type.application";
		};
/* End PBXNativeTarget section */

/* Begin PBXProject section */
		394783242CC502B000AB1D15 /* Project object */ = {
			isa = PBXProject;
			attributes = {
				BuildIndependentTargetsInParallel = 1;
				LastSwiftUpdateCheck = 1430;
				LastUpgradeCheck = 1430;
				TargetAttributes = {
					3947832B2CC502B000AB1D15 = {
						CreatedOnToolsVersion = 14.3;
					};
				};
			};
			buildConfigurationList = 394783272CC502B000AB1D15 /* Build configuration list for PBXProject "NSFetchedResultConAigerim" */;
			compatibilityVersion = "Xcode 14.0";
			developmentRegion = en;
			hasScannedForEncodings = 0;
			knownRegions = (
				en,
				Base,
			);
			mainGroup = 394783232CC502B000AB1D15;
			productRefGroup = 3947832D2CC502B000AB1D15 /* Products */;
			projectDirPath = "";
			projectRoot = "";
			targets = (
				3947832B2CC502B000AB1D15 /* NSFetchedResultConAigerim */,
			);
		};
/* End PBXProject section */

/* Begin PBXResourcesBuildPhase section */
		3947832A2CC502B000AB1D15 /* Resources */ = {
			isa = PBXResourcesBuildPhase;
			buildActionMask = 2147483647;
			files = (
				3947833F2CC502B200AB1D15 /* LaunchScreen.storyboard in Resources */,
				3947833C2CC502B200AB1D15 /* Assets.xcassets in Resources */,
			);
			runOnlyForDeploymentPostprocessing = 0;
		};
/* End PBXResourcesBuildPhase section */

/* Begin PBXSourcesBuildPhase section */
		394783282CC502B000AB1D15 /* Sources */ = {
			isa = PBXSourcesBuildPhase;
			buildActionMask = 2147483647;
			files = (
				394783492CC503E300AB1D15 /* CoreDataManager.swift in Sources */,
				394783472CC502E200AB1D15 /* DownloadManager.swift in Sources */,
				3947834B2CC5135000AB1D15 /* JokesTableViewController.swift in Sources */,
				394783302CC502B000AB1D15 /* AppDelegate.swift in Sources */,
				394783322CC502B000AB1D15 /* SceneDelegate.swift in Sources */,
				3947833A2CC502B000AB1D15 /* NSFetchedResultConAigerim.xcdatamodeld in Sources */,
			);
			runOnlyForDeploymentPostprocessing = 0;
		};
/* End PBXSourcesBuildPhase section */

/* Begin PBXVariantGroup section */
		3947833D2CC502B200AB1D15 /* LaunchScreen.storyboard */ = {
			isa = PBXVariantGroup;
			children = (
				3947833E2CC502B200AB1D15 /* Base */,
			);
			name = LaunchScreen.storyboard;
			sourceTree = "<group>";
		};
/* End PBXVariantGroup section */

/* Begin XCBuildConfiguration section */
		394783412CC502B200AB1D15 /* Debug */ = {
			isa = XCBuildConfiguration;
			buildSettings = {
				ALWAYS_SEARCH_USER_PATHS = NO;
				CLANG_ANALYZER_NONNULL = YES;
				CLANG_ANALYZER_NUMBER_OBJECT_CONVERSION = YES_AGGRESSIVE;
				CLANG_CXX_LANGUAGE_STANDARD = "gnu++20";
				CLANG_ENABLE_MODULES = YES;
				CLANG_ENABLE_OBJC_ARC = YES;
				CLANG_ENABLE_OBJC_WEAK = YES;
				CLANG_WARN_BLOCK_CAPTURE_AUTORELEASING = YES;
				CLANG_WARN_BOOL_CONVERSION = YES;
				CLANG_WARN_COMMA = YES;
				CLANG_WARN_CONSTANT_CONVERSION = YES;
				CLANG_WARN_DEPRECATED_OBJC_IMPLEMENTATIONS = YES;
				CLANG_WARN_DIRECT_OBJC_ISA_USAGE = YES_ERROR;
				CLANG_WARN_DOCUMENTATION_COMMENTS = YES;
				CLANG_WARN_EMPTY_BODY = YES;
				CLANG_WARN_ENUM_CONVERSION = YES;
				CLANG_WARN_INFINITE_RECURSION = YES;
				CLANG_WARN_INT_CONVERSION = YES;
				CLANG_WARN_NON_LITERAL_NULL_CONVERSION = YES;
				CLANG_WARN_OBJC_IMPLICIT_RETAIN_SELF = YES;
				CLANG_WARN_OBJC_LITERAL_CONVERSION = YES;
				CLANG_WARN_OBJC_ROOT_CLASS = YES_ERROR;
				CLANG_WARN_QUOTED_INCLUDE_IN_FRAMEWORK_HEADER = YES;
				CLANG_WARN_RANGE_LOOP_ANALYSIS = YES;
				CLANG_WARN_STRICT_PROTOTYPES = YES;
				CLANG_WARN_SUSPICIOUS_MOVE = YES;
				CLANG_WARN_UNGUARDED_AVAILABILITY = YES_AGGRESSIVE;
				CLANG_WARN_UNREACHABLE_CODE = YES;
				CLANG_WARN__DUPLICATE_METHOD_MATCH = YES;
				COPY_PHASE_STRIP = NO;
				DEBUG_INFORMATION_FORMAT = dwarf;
				ENABLE_STRICT_OBJC_MSGSEND = YES;
				ENABLE_TESTABILITY = YES;
				GCC_C_LANGUAGE_STANDARD = gnu11;
				GCC_DYNAMIC_NO_PIC = NO;
				GCC_NO_COMMON_BLOCKS = YES;
				GCC_OPTIMIZATION_LEVEL = 0;
				GCC_PREPROCESSOR_DEFINITIONS = (
					"DEBUG=1",
					"$(inherited)",
				);
				GCC_WARN_64_TO_32_BIT_CONVERSION = YES;
				GCC_WARN_ABOUT_RETURN_TYPE = YES_ERROR;
				GCC_WARN_UNDECLARED_SELECTOR = YES;
				GCC_WARN_UNINITIALIZED_AUTOS = YES_AGGRESSIVE;
				GCC_WARN_UNUSED_FUNCTION = YES;
				GCC_WARN_UNUSED_VARIABLE = YES;
				IPHONEOS_DEPLOYMENT_TARGET = 16.4;
				MTL_ENABLE_DEBUG_INFO = INCLUDE_SOURCE;
				MTL_FAST_MATH = YES;
				ONLY_ACTIVE_ARCH = YES;
				SDKROOT = iphoneos;
				SWIFT_ACTIVE_COMPILATION_CONDITIONS = DEBUG;
				SWIFT_OPTIMIZATION_LEVEL = "-Onone";
			};
			name = Debug;
		};
		394783422CC502B200AB1D15 /* Release */ = {
			isa = XCBuildConfiguration;
			buildSettings = {
				ALWAYS_SEARCH_USER_PATHS = NO;
				CLANG_ANALYZER_NONNULL = YES;
				CLANG_ANALYZER_NUMBER_OBJECT_CONVERSION = YES_AGGRESSIVE;
				CLANG_CXX_LANGUAGE_STANDARD = "gnu++20";
				CLANG_ENABLE_MODULES = YES;
				CLANG_ENABLE_OBJC_ARC = YES;
				CLANG_ENABLE_OBJC_WEAK = YES;
				CLANG_WARN_BLOCK_CAPTURE_AUTORELEASING = YES;
				CLANG_WARN_BOOL_CONVERSION = YES;
				CLANG_WARN_COMMA = YES;
				CLANG_WARN_CONSTANT_CONVERSION = YES;
				CLANG_WARN_DEPRECATED_OBJC_IMPLEMENTATIONS = YES;
				CLANG_WARN_DIRECT_OBJC_ISA_USAGE = YES_ERROR;
				CLANG_WARN_DOCUMENTATION_COMMENTS = YES;
				CLANG_WARN_EMPTY_BODY = YES;
				CLANG_WARN_ENUM_CONVERSION = YES;
				CLANG_WARN_INFINITE_RECURSION = YES;
				CLANG_WARN_INT_CONVERSION = YES;
				CLANG_WARN_NON_LITERAL_NULL_CONVERSION = YES;
				CLANG_WARN_OBJC_IMPLICIT_RETAIN_SELF = YES;
				CLANG_WARN_OBJC_LITERAL_CONVERSION = YES;
				CLANG_WARN_OBJC_ROOT_CLASS = YES_ERROR;
				CLANG_WARN_QUOTED_INCLUDE_IN_FRAMEWORK_HEADER = YES;
				CLANG_WARN_RANGE_LOOP_ANALYSIS = YES;
				CLANG_WARN_STRICT_PROTOTYPES = YES;
				CLANG_WARN_SUSPICIOUS_MOVE = YES;
				CLANG_WARN_UNGUARDED_AVAILABILITY = YES_AGGRESSIVE;
				CLANG_WARN_UNREACHABLE_CODE = YES;
				CLANG_WARN__DUPLICATE_METHOD_MATCH = YES;
				COPY_PHASE_STRIP = NO;
				DEBUG_INFORMATION_FORMAT = "dwarf-with-dsym";
				ENABLE_NS_ASSERTIONS = NO;
				ENABLE_STRICT_OBJC_MSGSEND = YES;
				GCC_C_LANGUAGE_STANDARD = gnu11;
				GCC_NO_COMMON_BLOCKS = YES;
				GCC_WARN_64_TO_32_BIT_CONVERSION = YES;
				GCC_WARN_ABOUT_RETURN_TYPE = YES_ERROR;
				GCC_WARN_UNDECLARED_SELECTOR = YES;
				GCC_WARN_UNINITIALIZED_AUTOS = YES_AGGRESSIVE;
				GCC_WARN_UNUSED_FUNCTION = YES;
				GCC_WARN_UNUSED_VARIABLE = YES;
				IPHONEOS_DEPLOYMENT_TARGET = 16.4;
				MTL_ENABLE_DEBUG_INFO = NO;
				MTL_FAST_MATH = YES;
				SDKROOT = iphoneos;
				SWIFT_COMPILATION_MODE = wholemodule;
				SWIFT_OPTIMIZATION_LEVEL = "-O";
				VALIDATE_PRODUCT = YES;
			};
			name = Release;
		};
		394783442CC502B200AB1D15 /* Debug */ = {
			isa = XCBuildConfiguration;
			buildSettings = {
				ASSETCATALOG_COMPILER_APPICON_NAME = AppIcon;
				ASSETCATALOG_COMPILER_GLOBAL_ACCENT_COLOR_NAME = AccentColor;
				CODE_SIGN_STYLE = Automatic;
				CURRENT_PROJECT_VERSION = 1;
				GENERATE_INFOPLIST_FILE = YES;
				INFOPLIST_FILE = NSFetchedResultConAigerim/Info.plist;
				INFOPLIST_KEY_UIApplicationSupportsIndirectInputEvents = YES;
				INFOPLIST_KEY_UILaunchStoryboardName = LaunchScreen;
				INFOPLIST_KEY_UIMainStoryboardFile = "";
				INFOPLIST_KEY_UISupportedInterfaceOrientations_iPad = "UIInterfaceOrientationPortrait UIInterfaceOrientationPortraitUpsideDown UIInterfaceOrientationLandscapeLeft UIInterfaceOrientationLandscapeRight";
				INFOPLIST_KEY_UISupportedInterfaceOrientations_iPhone = "UIInterfaceOrientationPortrait UIInterfaceOrientationLandscapeLeft UIInterfaceOrientationLandscapeRight";
				LD_RUNPATH_SEARCH_PATHS = (
					"$(inherited)",
					"@executable_path/Frameworks",
				);
				MARKETING_VERSION = 1.0;
				PRODUCT_BUNDLE_IDENTIFIER = "Part-1-basics..NSFetchedResultConAigerim";
				PRODUCT_NAME = "$(TARGET_NAME)";
				SWIFT_EMIT_LOC_STRINGS = YES;
				SWIFT_VERSION = 5.0;
				TARGETED_DEVICE_FAMILY = "1,2";
			};
			name = Debug;
		};
		394783452CC502B200AB1D15 /* Release */ = {
			isa = XCBuildConfiguration;
			buildSettings = {
				ASSETCATALOG_COMPILER_APPICON_NAME = AppIcon;
				ASSETCATALOG_COMPILER_GLOBAL_ACCENT_COLOR_NAME = AccentColor;
				CODE_SIGN_STYLE = Automatic;
				CURRENT_PROJECT_VERSION = 1;
				GENERATE_INFOPLIST_FILE = YES;
				INFOPLIST_FILE = NSFetchedResultConAigerim/Info.plist;
				INFOPLIST_KEY_UIApplicationSupportsIndirectInputEvents = YES;
				INFOPLIST_KEY_UILaunchStoryboardName = LaunchScreen;
				INFOPLIST_KEY_UIMainStoryboardFile = "";
				INFOPLIST_KEY_UISupportedInterfaceOrientations_iPad = "UIInterfaceOrientationPortrait UIInterfaceOrientationPortraitUpsideDown UIInterfaceOrientationLandscapeLeft UIInterfaceOrientationLandscapeRight";
				INFOPLIST_KEY_UISupportedInterfaceOrientations_iPhone = "UIInterfaceOrientationPortrait UIInterfaceOrientationLandscapeLeft UIInterfaceOrientationLandscapeRight";
				LD_RUNPATH_SEARCH_PATHS = (
					"$(inherited)",
					"@executable_path/Frameworks",
				);
				MARKETING_VERSION = 1.0;
				PRODUCT_BUNDLE_IDENTIFIER = "Part-1-basics..NSFetchedResultConAigerim";
				PRODUCT_NAME = "$(TARGET_NAME)";
				SWIFT_EMIT_LOC_STRINGS = YES;
				SWIFT_VERSION = 5.0;
				TARGETED_DEVICE_FAMILY = "1,2";
			};
			name = Release;
		};
/* End XCBuildConfiguration section */

/* Begin XCConfigurationList section */
		394783272CC502B000AB1D15 /* Build configuration list for PBXProject "NSFetchedResultConAigerim" */ = {
			isa = XCConfigurationList;
			buildConfigurations = (
				394783412CC502B200AB1D15 /* Debug */,
				394783422CC502B200AB1D15 /* Release */,
			);
			defaultConfigurationIsVisible = 0;
			defaultConfigurationName = Release;
		};
		394783432CC502B200AB1D15 /* Build configuration list for PBXNativeTarget "NSFetchedResultConAigerim" */ = {
			isa = XCConfigurationList;
			buildConfigurations = (
				394783442CC502B200AB1D15 /* Debug */,
				394783452CC502B200AB1D15 /* Release */,
			);
			defaultConfigurationIsVisible = 0;
			defaultConfigurationName = Release;
		};
/* End XCConfigurationList section */

/* Begin XCVersionGroup section */
		394783382CC502B000AB1D15 /* NSFetchedResultConAigerim.xcdatamodeld */ = {
			isa = XCVersionGroup;
			children = (
				394783392CC502B000AB1D15 /* NSFetchedResultConAigerim.xcdatamodel */,
			);
			currentVersion = 394783392CC502B000AB1D15 /* NSFetchedResultConAigerim.xcdatamodel */;
			path = NSFetchedResultConAigerim.xcdatamodeld;
			sourceTree = "<group>";
			versionGroupType = wrapper.xcdatamodel;
		};
/* End XCVersionGroup section */
	};
	rootObject = 394783242CC502B000AB1D15 /* Project object */;
}
